
Microsoft Visual Studio Solution File, Format Version 12.00
# Visual Studio 15
VisualStudioVersion = 15.0.26124.0
MinimumVisualStudioVersion = 15.0.26124.0
Project("{FAE04EC0-301F-11D3-BF4B-00C04F79EFBC}") = "Application", "Application\Application.csproj", "{FE3BB371-A485-4158-A2C5-EB4601A82736}"
EndProject
Project("{FAE04EC0-301F-11D3-BF4B-00C04F79EFBC}") = "Entities", "Entities\Entities.csproj", "{C7082FEE-2CBF-40A2-AEC0-AC4E1D0D577F}"
EndProject
Project("{FAE04EC0-301F-11D3-BF4B-00C04F79EFBC}") = "ORM", "ORM\ORM.csproj", "{C77CEA62-F888-4CD5-B7A5-978DB644E979}"
EndProject
Project("{FAE04EC0-301F-11D3-BF4B-00C04F79EFBC}") = "Service", "Service\Service.csproj", "{3E1DF025-F9F1-4794-AC01-CB82D906F4DF}"
EndProject
Project("{FAE04EC0-301F-11D3-BF4B-00C04F79EFBC}") = "calculos.tests", "calculos.tests\calculos.tests.csproj", "{E75EE36D-CE2E-48BD-BD6D-770BC857F922}"
EndProject
Global
	GlobalSection(SolutionConfigurationPlatforms) = preSolution
		Debug|Any CPU = Debug|Any CPU
		Debug|x64 = Debug|x64
		Debug|x86 = Debug|x86
		Release|Any CPU = Release|Any CPU
		Release|x64 = Release|x64
		Release|x86 = Release|x86
	EndGlobalSection
	GlobalSection(SolutionProperties) = preSolution
		HideSolutionNode = FALSE
	EndGlobalSection
	GlobalSection(ProjectConfigurationPlatforms) = postSolution
		{FE3BB371-A485-4158-A2C5-EB4601A82736}.Debug|Any CPU.ActiveCfg = Debug|Any CPU
		{FE3BB371-A485-4158-A2C5-EB4601A82736}.Debug|Any CPU.Build.0 = Debug|Any CPU
		{FE3BB371-A485-4158-A2C5-EB4601A82736}.Debug|x64.ActiveCfg = Debug|Any CPU
		{FE3BB371-A485-4158-A2C5-EB4601A82736}.Debug|x64.Build.0 = Debug|Any CPU
		{FE3BB371-A485-4158-A2C5-EB4601A82736}.Debug|x86.ActiveCfg = Debug|Any CPU
		{FE3BB371-A485-4158-A2C5-EB4601A82736}.Debug|x86.Build.0 = Debug|Any CPU
		{FE3BB371-A485-4158-A2C5-EB4601A82736}.Release|Any CPU.ActiveCfg = Release|Any CPU
		{FE3BB371-A485-4158-A2C5-EB4601A82736}.Release|Any CPU.Build.0 = Release|Any CPU
		{FE3BB371-A485-4158-A2C5-EB4601A82736}.Release|x64.ActiveCfg = Release|Any CPU
		{FE3BB371-A485-4158-A2C5-EB4601A82736}.Release|x64.Build.0 = Release|Any CPU
		{FE3BB371-A485-4158-A2C5-EB4601A82736}.Release|x86.ActiveCfg = Release|Any CPU
		{FE3BB371-A485-4158-A2C5-EB4601A82736}.Release|x86.Build.0 = Release|Any CPU
		{C7082FEE-2CBF-40A2-AEC0-AC4E1D0D577F}.Debug|Any CPU.ActiveCfg = Debug|Any CPU
		{C7082FEE-2CBF-40A2-AEC0-AC4E1D0D577F}.Debug|Any CPU.Build.0 = Debug|Any CPU
		{C7082FEE-2CBF-40A2-AEC0-AC4E1D0D577F}.Debug|x64.ActiveCfg = Debug|Any CPU
		{C7082FEE-2CBF-40A2-AEC0-AC4E1D0D577F}.Debug|x64.Build.0 = Debug|Any CPU
		{C7082FEE-2CBF-40A2-AEC0-AC4E1D0D577F}.Debug|x86.ActiveCfg = Debug|Any CPU
		{C7082FEE-2CBF-40A2-AEC0-AC4E1D0D577F}.Debug|x86.Build.0 = Debug|Any CPU
		{C7082FEE-2CBF-40A2-AEC0-AC4E1D0D577F}.Release|Any CPU.ActiveCfg = Release|Any CPU
		{C7082FEE-2CBF-40A2-AEC0-AC4E1D0D577F}.Release|Any CPU.Build.0 = Release|Any CPU
		{C7082FEE-2CBF-40A2-AEC0-AC4E1D0D577F}.Release|x64.ActiveCfg = Release|Any CPU
		{C7082FEE-2CBF-40A2-AEC0-AC4E1D0D577F}.Release|x64.Build.0 = Release|Any CPU
		{C7082FEE-2CBF-40A2-AEC0-AC4E1D0D577F}.Release|x86.ActiveCfg = Release|Any CPU
		{C7082FEE-2CBF-40A2-AEC0-AC4E1D0D577F}.Release|x86.Build.0 = Release|Any CPU
		{C77CEA62-F888-4CD5-B7A5-978DB644E979}.Debug|Any CPU.ActiveCfg = Debug|Any CPU
		{C77CEA62-F888-4CD5-B7A5-978DB644E979}.Debug|Any CPU.Build.0 = Debug|Any CPU
		{C77CEA62-F888-4CD5-B7A5-978DB644E979}.Debug|x64.ActiveCfg = Debug|Any CPU
		{C77CEA62-F888-4CD5-B7A5-978DB644E979}.Debug|x64.Build.0 = Debug|Any CPU
		{C77CEA62-F888-4CD5-B7A5-978DB644E979}.Debug|x86.ActiveCfg = Debug|Any CPU
		{C77CEA62-F888-4CD5-B7A5-978DB644E979}.Debug|x86.Build.0 = Debug|Any CPU
		{C77CEA62-F888-4CD5-B7A5-978DB644E979}.Release|Any CPU.ActiveCfg = Release|Any CPU
		{C77CEA62-F888-4CD5-B7A5-978DB644E979}.Release|Any CPU.Build.0 = Release|Any CPU
		{C77CEA62-F888-4CD5-B7A5-978DB644E979}.Release|x64.ActiveCfg = Release|Any CPU
		{C77CEA62-F888-4CD5-B7A5-978DB644E979}.Release|x64.Build.0 = Release|Any CPU
		{C77CEA62-F888-4CD5-B7A5-978DB644E979}.Release|x86.ActiveCfg = Release|Any CPU
		{C77CEA62-F888-4CD5-B7A5-978DB644E979}.Release|x86.Build.0 = Release|Any CPU
		{C190A7BF-BA4F-4C0E-8CA0-691CDD3E4278}.Debug|Any CPU.ActiveCfg = Debug|Any CPU
		{C190A7BF-BA4F-4C0E-8CA0-691CDD3E4278}.Debug|Any CPU.Build.0 = Debug|Any CPU
		{C190A7BF-BA4F-4C0E-8CA0-691CDD3E4278}.Debug|x64.ActiveCfg = Debug|Any CPU
		{C190A7BF-BA4F-4C0E-8CA0-691CDD3E4278}.Debug|x64.Build.0 = Debug|Any CPU
		{C190A7BF-BA4F-4C0E-8CA0-691CDD3E4278}.Debug|x86.ActiveCfg = Debug|Any CPU
		{C190A7BF-BA4F-4C0E-8CA0-691CDD3E4278}.Debug|x86.Build.0 = Debug|Any CPU
		{C190A7BF-BA4F-4C0E-8CA0-691CDD3E4278}.Release|Any CPU.ActiveCfg = Release|Any CPU
		{C190A7BF-BA4F-4C0E-8CA0-691CDD3E4278}.Release|Any CPU.Build.0 = Release|Any CPU
		{C190A7BF-BA4F-4C0E-8CA0-691CDD3E4278}.Release|x64.ActiveCfg = Release|Any CPU
		{C190A7BF-BA4F-4C0E-8CA0-691CDD3E4278}.Release|x64.Build.0 = Release|Any CPU
		{C190A7BF-BA4F-4C0E-8CA0-691CDD3E4278}.Release|x86.ActiveCfg = Release|Any CPU
		{C190A7BF-BA4F-4C0E-8CA0-691CDD3E4278}.Release|x86.Build.0 = Release|Any CPU
		{58C3825E-367F-432E-BEB3-0F626BA26AB7}.Debug|Any CPU.ActiveCfg = Debug|Any CPU
		{58C3825E-367F-432E-BEB3-0F626BA26AB7}.Debug|Any CPU.Build.0 = Debug|Any CPU
		{58C3825E-367F-432E-BEB3-0F626BA26AB7}.Debug|x64.ActiveCfg = Debug|Any CPU
		{58C3825E-367F-432E-BEB3-0F626BA26AB7}.Debug|x64.Build.0 = Debug|Any CPU
		{58C3825E-367F-432E-BEB3-0F626BA26AB7}.Debug|x86.ActiveCfg = Debug|Any CPU
		{58C3825E-367F-432E-BEB3-0F626BA26AB7}.Debug|x86.Build.0 = Debug|Any CPU
		{58C3825E-367F-432E-BEB3-0F626BA26AB7}.Release|Any CPU.ActiveCfg = Release|Any CPU
		{58C3825E-367F-432E-BEB3-0F626BA26AB7}.Release|Any CPU.Build.0 = Release|Any CPU
		{58C3825E-367F-432E-BEB3-0F626BA26AB7}.Release|x64.ActiveCfg = Release|Any CPU
		{58C3825E-367F-432E-BEB3-0F626BA26AB7}.Release|x64.Build.0 = Release|Any CPU
		{58C3825E-367F-432E-BEB3-0F626BA26AB7}.Release|x86.ActiveCfg = Release|Any CPU
		{58C3825E-367F-432E-BEB3-0F626BA26AB7}.Release|x86.Build.0 = Release|Any CPU
		{3E1DF025-F9F1-4794-AC01-CB82D906F4DF}.Debug|Any CPU.ActiveCfg = Debug|Any CPU
		{3E1DF025-F9F1-4794-AC01-CB82D906F4DF}.Debug|Any CPU.Build.0 = Debug|Any CPU
		{3E1DF025-F9F1-4794-AC01-CB82D906F4DF}.Debug|x64.ActiveCfg = Debug|Any CPU
		{3E1DF025-F9F1-4794-AC01-CB82D906F4DF}.Debug|x64.Build.0 = Debug|Any CPU
		{3E1DF025-F9F1-4794-AC01-CB82D906F4DF}.Debug|x86.ActiveCfg = Debug|Any CPU
		{3E1DF025-F9F1-4794-AC01-CB82D906F4DF}.Debug|x86.Build.0 = Debug|Any CPU
		{3E1DF025-F9F1-4794-AC01-CB82D906F4DF}.Release|Any CPU.ActiveCfg = Release|Any CPU
		{3E1DF025-F9F1-4794-AC01-CB82D906F4DF}.Release|Any CPU.Build.0 = Release|Any CPU
		{3E1DF025-F9F1-4794-AC01-CB82D906F4DF}.Release|x64.ActiveCfg = Release|Any CPU
		{3E1DF025-F9F1-4794-AC01-CB82D906F4DF}.Release|x64.Build.0 = Release|Any CPU
		{3E1DF025-F9F1-4794-AC01-CB82D906F4DF}.Release|x86.ActiveCfg = Release|Any CPU
		{3E1DF025-F9F1-4794-AC01-CB82D906F4DF}.Release|x86.Build.0 = Release|Any CPU
		{C368EA9C-5EA7-4A56-9785-E1C92CBDDEC7}.Debug|Any CPU.ActiveCfg = Debug|Any CPU
		{C368EA9C-5EA7-4A56-9785-E1C92CBDDEC7}.Debug|Any CPU.Build.0 = Debug|Any CPU
		{C368EA9C-5EA7-4A56-9785-E1C92CBDDEC7}.Debug|x64.ActiveCfg = Debug|Any CPU
		{C368EA9C-5EA7-4A56-9785-E1C92CBDDEC7}.Debug|x64.Build.0 = Debug|Any CPU
		{C368EA9C-5EA7-4A56-9785-E1C92CBDDEC7}.Debug|x86.ActiveCfg = Debug|Any CPU
		{C368EA9C-5EA7-4A56-9785-E1C92CBDDEC7}.Debug|x86.Build.0 = Debug|Any CPU
		{C368EA9C-5EA7-4A56-9785-E1C92CBDDEC7}.Release|Any CPU.ActiveCfg = Release|Any CPU
		{C368EA9C-5EA7-4A56-9785-E1C92CBDDEC7}.Release|Any CPU.Build.0 = Release|Any CPU
		{C368EA9C-5EA7-4A56-9785-E1C92CBDDEC7}.Release|x64.ActiveCfg = Release|Any CPU
		{C368EA9C-5EA7-4A56-9785-E1C92CBDDEC7}.Release|x64.Build.0 = Release|Any CPU
		{C368EA9C-5EA7-4A56-9785-E1C92CBDDEC7}.Release|x86.ActiveCfg = Release|Any CPU
		{C368EA9C-5EA7-4A56-9785-E1C92CBDDEC7}.Release|x86.Build.0 = Release|Any CPU
		{E75EE36D-CE2E-48BD-BD6D-770BC857F922}.Debug|Any CPU.ActiveCfg = Debug|Any CPU
		{E75EE36D-CE2E-48BD-BD6D-770BC857F922}.Debug|Any CPU.Build.0 = Debug|Any CPU
		{E75EE36D-CE2E-48BD-BD6D-770BC857F922}.Debug|x64.ActiveCfg = Debug|Any CPU
		{E75EE36D-CE2E-48BD-BD6D-770BC857F922}.Debug|x64.Build.0 = Debug|Any CPU
		{E75EE36D-CE2E-48BD-BD6D-770BC857F922}.Debug|x86.ActiveCfg = Debug|Any CPU
		{E75EE36D-CE2E-48BD-BD6D-770BC857F922}.Debug|x86.Build.0 = Debug|Any CPU
		{E75EE36D-CE2E-48BD-BD6D-770BC857F922}.Release|Any CPU.ActiveCfg = Release|Any CPU
		{E75EE36D-CE2E-48BD-BD6D-770BC857F922}.Release|Any CPU.Build.0 = Release|Any CPU
		{E75EE36D-CE2E-48BD-BD6D-770BC857F922}.Release|x64.ActiveCfg = Release|Any CPU
		{E75EE36D-CE2E-48BD-BD6D-770BC857F922}.Release|x64.Build.0 = Release|Any CPU
		{E75EE36D-CE2E-48BD-BD6D-770BC857F922}.Release|x86.ActiveCfg = Release|Any CPU
		{E75EE36D-CE2E-48BD-BD6D-770BC857F922}.Release|x86.Build.0 = Release|Any CPU
	EndGlobalSection
EndGlobal
